
Microsoft Visual Studio Solution File, Format Version 12.00
# Visual Studio Version 17
VisualStudioVersion = 17.3.32929.385
MinimumVisualStudioVersion = 10.0.40219.1
Project("{FAE04EC0-301F-11D3-BF4B-00C04F79EFBC}") = "SLVP_Uge4_SimpelKlasse2", "SLVP_Uge4_SimpelKlasse2.csproj", "{D0C660C3-4496-443A-AFF6-8E722D9419EE}"
EndProject
Global
	GlobalSection(SolutionConfigurationPlatforms) = preSolution
		Debug|Any CPU = Debug|Any CPU
		Release|Any CPU = Release|Any CPU
	EndGlobalSection
	GlobalSection(ProjectConfigurationPlatforms) = postSolution
		{D0C660C3-4496-443A-AFF6-8E722D9419EE}.Debug|Any CPU.ActiveCfg = Debug|Any CPU
		{D0C660C3-4496-443A-AFF6-8E722D9419EE}.Debug|Any CPU.Build.0 = Debug|Any CPU
		{D0C660C3-4496-443A-AFF6-8E722D9419EE}.Release|Any CPU.ActiveCfg = Release|Any CPU
		{D0C660C3-4496-443A-AFF6-8E722D9419EE}.Release|Any CPU.Build.0 = Release|Any CPU
	EndGlobalSection
	GlobalSection(SolutionProperties) = preSolution
		HideSolutionNode = FALSE
	EndGlobalSection
	GlobalSection(ExtensibilityGlobals) = postSolution
		SolutionGuid = {6CCB3036-3400-4700-9812-73E83884DF54}
	EndGlobalSection
EndGlobal
